# This file is automatically @generated by Cargo.
# It is not intended for manual editing.
version = 4

[[package]]
name = "empl"
version = "0.1.0"
dependencies = [
 "nonempty-collections",
]

[[package]]
name = "nonempty-collections"
version = "0.3.0"
source = "registry+https://github.com/rust-lang/crates.io-index"
checksum = "b7f301452dbaf00f14ca0c8204e46cf0c9a96f53543ac72cefa9b4d91c19e0ac"
